{
  "name": "@mcpher/gas-flex-cache",
  "version": "1.0.4",
  "lockfileVersion": 3,
  "requires": true,
  "packages": {
    "": {
      "name": "@mcpher/gas-flex-cache",
      "version": "1.0.4",
      "license": "MIT",
      "dependencies": {
        "@sindresorhus/is": "^7.1.0"
      },
      "engines": {
        "node": ">=20.11.0"
      }
    },
    "node_modules/@sindresorhus/is": {
      "version": "7.1.0",
      "resolved": "https://registry.npmjs.org/@sindresorhus/is/-/is-7.1.0.tgz",
      "integrity": "sha512-7F/yz2IphV39hiS2zB4QYVkivrptHHh0K8qJJd9HhuWSdvf8AN7NpebW3CcDZDBQsUPMoDKWsY2WWgW7bqOcfA==",
      "engines": {
        "node": ">=18"
      },
      "funding": {
        "url": "https://github.com/sindresorhus/is?sponsor=1"
      }
    }
  }
}
